
Microsoft Visual Studio Solution File, Format Version 11.00
# Visual C++ Express 2010
Project("{8BC9CEB8-8B4A-11D0-8D11-00A0C91BC942}") = "YModule", "YModule.vcxproj", "{6C7B0CCA-1BD8-485B-9DB3-E10E40B9FE94}"
EndProject
Project("{8BC9CEB8-8B4A-11D0-8D11-00A0C91BC942}") = "YColorLed", "YColorLed.vcxproj", "{4DDAF5C9-A396-493B-8F51-E4354EAE4EDB}"
EndProject
Project("{8BC9CEB8-8B4A-11D0-8D11-00A0C91BC942}") = "YAnButton", "YAnButton.vcxproj", "{F17F3D9D-62B9-46D4-81C0-83BD773E6500}"
EndProject
Project("{8BC9CEB8-8B4A-11D0-8D11-00A0C91BC942}") = "YCarbonDioxide", "YCarbonDioxide.vcxproj", "{CB3CBDE5-B35A-4EB4-AA47-10BCA517D59F}"
EndProject
Project("{8BC9CEB8-8B4A-11D0-8D11-00A0C91BC942}") = "YCurrent", "YCurrent.vcxproj", "{7FBA395F-4DE6-4E6D-9258-AFF33E474C0A}"
EndProject
Project("{8BC9CEB8-8B4A-11D0-8D11-00A0C91BC942}") = "YDataLogger", "YDataLogger.vcxproj", "{114FF796-42AF-466F-A0BE-D9CAD71D0C48}"
EndProject
Project("{8BC9CEB8-8B4A-11D0-8D11-00A0C91BC942}") = "YHumidity", "YHumidity.vcxproj", "{4FD12822-57C8-4D07-A0FA-A342E35B6BC2}"
EndProject
Project("{8BC9CEB8-8B4A-11D0-8D11-00A0C91BC942}") = "YLed", "YLed.vcxproj", "{1B4456CB-DEF0-4D36-B4AB-901E4C759694}"
EndProject
Project("{8BC9CEB8-8B4A-11D0-8D11-00A0C91BC942}") = "YLightSensor", "YLightSensor.vcxproj", "{C7EA67F5-A0E6-47A8-B9E8-A698FEC49DCF}"
EndProject
Project("{8BC9CEB8-8B4A-11D0-8D11-00A0C91BC942}") = "YNetwork", "YNetwork.vcxproj", "{3A4CA705-AD31-4679-BC9B-8D7D6DE349DE}"
EndProject
Project("{8BC9CEB8-8B4A-11D0-8D11-00A0C91BC942}") = "YPressure", "YPressure.vcxproj", "{82FB0184-3233-4F87-A8CA-BB68C2C7A03E}"
EndProject
Project("{8BC9CEB8-8B4A-11D0-8D11-00A0C91BC942}") = "YRelay", "YRelay.vcxproj", "{40AB0DF3-43D1-4845-B787-CB9DBC45EC6E}"
EndProject
Project("{8BC9CEB8-8B4A-11D0-8D11-00A0C91BC942}") = "YServo", "YServo.vcxproj", "{EAE4172A-D012-42C9-9C6F-52893BFDAF5A}"
EndProject
Project("{8BC9CEB8-8B4A-11D0-8D11-00A0C91BC942}") = "YTemperature", "YTemperature.vcxproj", "{49ACC93D-3805-40FF-A424-DA6E16AC1D27}"
EndProject
Project("{8BC9CEB8-8B4A-11D0-8D11-00A0C91BC942}") = "YVoltage", "YVoltage.vcxproj", "{A5529B0F-E162-4C6B-AD49-CE6BFCBEEEAF}"
EndProject
Project("{8BC9CEB8-8B4A-11D0-8D11-00A0C91BC942}") = "YVSource", "YVSource.vcxproj", "{B88B6DFD-BC77-4717-B595-132E282054BD}"
EndProject
Project("{8BC9CEB8-8B4A-11D0-8D11-00A0C91BC942}") = "YWatchdog", "YWatchdog.vcxproj", "{87D7AD9C-0A7D-47E1-BC1E-276E788445D5}"
EndProject
Project("{8BC9CEB8-8B4A-11D0-8D11-00A0C91BC942}") = "YVoc", "YVoc.vcxproj", "{48ED8B29-6282-4F74-8062-2191360CE00C}"
EndProject
Project("{8BC9CEB8-8B4A-11D0-8D11-00A0C91BC942}") = "YDisplay", "YDisplay.vcxproj", "{5B53FB29-FDC2-4FC4-85A7-58814DBC16B4}"
EndProject
Global
	GlobalSection(SolutionConfigurationPlatforms) = preSolution
		Debug|Win32 = Debug|Win32
		Release|Win32 = Release|Win32
	EndGlobalSection
	GlobalSection(ProjectConfigurationPlatforms) = postSolution
		{6C7B0CCA-1BD8-485B-9DB3-E10E40B9FE94}.Debug|Win32.ActiveCfg = Debug|Win32
		{6C7B0CCA-1BD8-485B-9DB3-E10E40B9FE94}.Debug|Win32.Build.0 = Debug|Win32
		{6C7B0CCA-1BD8-485B-9DB3-E10E40B9FE94}.Release|Win32.ActiveCfg = Release|Win32
		{6C7B0CCA-1BD8-485B-9DB3-E10E40B9FE94}.Release|Win32.Build.0 = Release|Win32
		{4DDAF5C9-A396-493B-8F51-E4354EAE4EDB}.Debug|Win32.ActiveCfg = Debug|Win32
		{4DDAF5C9-A396-493B-8F51-E4354EAE4EDB}.Debug|Win32.Build.0 = Debug|Win32
		{4DDAF5C9-A396-493B-8F51-E4354EAE4EDB}.Release|Win32.ActiveCfg = Release|Win32
		{4DDAF5C9-A396-493B-8F51-E4354EAE4EDB}.Release|Win32.Build.0 = Release|Win32
		{F17F3D9D-62B9-46D4-81C0-83BD773E6500}.Debug|Win32.ActiveCfg = Debug|Win32
		{F17F3D9D-62B9-46D4-81C0-83BD773E6500}.Debug|Win32.Build.0 = Debug|Win32
		{F17F3D9D-62B9-46D4-81C0-83BD773E6500}.Release|Win32.ActiveCfg = Release|Win32
		{F17F3D9D-62B9-46D4-81C0-83BD773E6500}.Release|Win32.Build.0 = Release|Win32
		{CB3CBDE5-B35A-4EB4-AA47-10BCA517D59F}.Debug|Win32.ActiveCfg = Debug|Win32
		{CB3CBDE5-B35A-4EB4-AA47-10BCA517D59F}.Debug|Win32.Build.0 = Debug|Win32
		{CB3CBDE5-B35A-4EB4-AA47-10BCA517D59F}.Release|Win32.ActiveCfg = Release|Win32
		{CB3CBDE5-B35A-4EB4-AA47-10BCA517D59F}.Release|Win32.Build.0 = Release|Win32
		{7FBA395F-4DE6-4E6D-9258-AFF33E474C0A}.Debug|Win32.ActiveCfg = Debug|Win32
		{7FBA395F-4DE6-4E6D-9258-AFF33E474C0A}.Debug|Win32.Build.0 = Debug|Win32
		{7FBA395F-4DE6-4E6D-9258-AFF33E474C0A}.Release|Win32.ActiveCfg = Release|Win32
		{7FBA395F-4DE6-4E6D-9258-AFF33E474C0A}.Release|Win32.Build.0 = Release|Win32
		{114FF796-42AF-466F-A0BE-D9CAD71D0C48}.Debug|Win32.ActiveCfg = Debug|Win32
		{114FF796-42AF-466F-A0BE-D9CAD71D0C48}.Debug|Win32.Build.0 = Debug|Win32
		{114FF796-42AF-466F-A0BE-D9CAD71D0C48}.Release|Win32.ActiveCfg = Release|Win32
		{114FF796-42AF-466F-A0BE-D9CAD71D0C48}.Release|Win32.Build.0 = Release|Win32
		{4FD12822-57C8-4D07-A0FA-A342E35B6BC2}.Debug|Win32.ActiveCfg = Debug|Win32
		{4FD12822-57C8-4D07-A0FA-A342E35B6BC2}.Debug|Win32.Build.0 = Debug|Win32
		{4FD12822-57C8-4D07-A0FA-A342E35B6BC2}.Release|Win32.ActiveCfg = Release|Win32
		{4FD12822-57C8-4D07-A0FA-A342E35B6BC2}.Release|Win32.Build.0 = Release|Win32
		{1B4456CB-DEF0-4D36-B4AB-901E4C759694}.Debug|Win32.ActiveCfg = Debug|Win32
		{1B4456CB-DEF0-4D36-B4AB-901E4C759694}.Debug|Win32.Build.0 = Debug|Win32
		{1B4456CB-DEF0-4D36-B4AB-901E4C759694}.Release|Win32.ActiveCfg = Release|Win32
		{1B4456CB-DEF0-4D36-B4AB-901E4C759694}.Release|Win32.Build.0 = Release|Win32
		{C7EA67F5-A0E6-47A8-B9E8-A698FEC49DCF}.Debug|Win32.ActiveCfg = Debug|Win32
		{C7EA67F5-A0E6-47A8-B9E8-A698FEC49DCF}.Debug|Win32.Build.0 = Debug|Win32
		{C7EA67F5-A0E6-47A8-B9E8-A698FEC49DCF}.Release|Win32.ActiveCfg = Release|Win32
		{C7EA67F5-A0E6-47A8-B9E8-A698FEC49DCF}.Release|Win32.Build.0 = Release|Win32
		{3A4CA705-AD31-4679-BC9B-8D7D6DE349DE}.Debug|Win32.ActiveCfg = Debug|Win32
		{3A4CA705-AD31-4679-BC9B-8D7D6DE349DE}.Debug|Win32.Build.0 = Debug|Win32
		{3A4CA705-AD31-4679-BC9B-8D7D6DE349DE}.Release|Win32.ActiveCfg = Release|Win32
		{3A4CA705-AD31-4679-BC9B-8D7D6DE349DE}.Release|Win32.Build.0 = Release|Win32
		{82FB0184-3233-4F87-A8CA-BB68C2C7A03E}.Debug|Win32.ActiveCfg = Debug|Win32
		{82FB0184-3233-4F87-A8CA-BB68C2C7A03E}.Debug|Win32.Build.0 = Debug|Win32
		{82FB0184-3233-4F87-A8CA-BB68C2C7A03E}.Release|Win32.ActiveCfg = Release|Win32
		{82FB0184-3233-4F87-A8CA-BB68C2C7A03E}.Release|Win32.Build.0 = Release|Win32
		{40AB0DF3-43D1-4845-B787-CB9DBC45EC6E}.Debug|Win32.ActiveCfg = Debug|Win32
		{40AB0DF3-43D1-4845-B787-CB9DBC45EC6E}.Debug|Win32.Build.0 = Debug|Win32
		{40AB0DF3-43D1-4845-B787-CB9DBC45EC6E}.Release|Win32.ActiveCfg = Release|Win32
		{40AB0DF3-43D1-4845-B787-CB9DBC45EC6E}.Release|Win32.Build.0 = Release|Win32
		{EAE4172A-D012-42C9-9C6F-52893BFDAF5A}.Debug|Win32.ActiveCfg = Debug|Win32
		{EAE4172A-D012-42C9-9C6F-52893BFDAF5A}.Debug|Win32.Build.0 = Debug|Win32
		{EAE4172A-D012-42C9-9C6F-52893BFDAF5A}.Release|Win32.ActiveCfg = Release|Win32
		{EAE4172A-D012-42C9-9C6F-52893BFDAF5A}.Release|Win32.Build.0 = Release|Win32
		{49ACC93D-3805-40FF-A424-DA6E16AC1D27}.Debug|Win32.ActiveCfg = Debug|Win32
		{49ACC93D-3805-40FF-A424-DA6E16AC1D27}.Debug|Win32.Build.0 = Debug|Win32
		{49ACC93D-3805-40FF-A424-DA6E16AC1D27}.Release|Win32.ActiveCfg = Release|Win32
		{49ACC93D-3805-40FF-A424-DA6E16AC1D27}.Release|Win32.Build.0 = Release|Win32
		{A5529B0F-E162-4C6B-AD49-CE6BFCBEEEAF}.Debug|Win32.ActiveCfg = Debug|Win32
		{A5529B0F-E162-4C6B-AD49-CE6BFCBEEEAF}.Debug|Win32.Build.0 = Debug|Win32
		{A5529B0F-E162-4C6B-AD49-CE6BFCBEEEAF}.Release|Win32.ActiveCfg = Release|Win32
		{A5529B0F-E162-4C6B-AD49-CE6BFCBEEEAF}.Release|Win32.Build.0 = Release|Win32
		{B88B6DFD-BC77-4717-B595-132E282054BD}.Debug|Win32.ActiveCfg = Debug|Win32
		{B88B6DFD-BC77-4717-B595-132E282054BD}.Debug|Win32.Build.0 = Debug|Win32
		{B88B6DFD-BC77-4717-B595-132E282054BD}.Release|Win32.ActiveCfg = Release|Win32
		{B88B6DFD-BC77-4717-B595-132E282054BD}.Release|Win32.Build.0 = Release|Win32
		{87D7AD9C-0A7D-47E1-BC1E-276E788445D5}.Debug|Win32.ActiveCfg = Debug|Win32
		{87D7AD9C-0A7D-47E1-BC1E-276E788445D5}.Debug|Win32.Build.0 = Debug|Win32
		{87D7AD9C-0A7D-47E1-BC1E-276E788445D5}.Release|Win32.ActiveCfg = Release|Win32
		{87D7AD9C-0A7D-47E1-BC1E-276E788445D5}.Release|Win32.Build.0 = Release|Win32
		{48ED8B29-6282-4F74-8062-2191360CE00C}.Debug|Win32.ActiveCfg = Debug|Win32
		{48ED8B29-6282-4F74-8062-2191360CE00C}.Debug|Win32.Build.0 = Debug|Win32
		{48ED8B29-6282-4F74-8062-2191360CE00C}.Release|Win32.ActiveCfg = Release|Win32
		{48ED8B29-6282-4F74-8062-2191360CE00C}.Release|Win32.Build.0 = Release|Win32
		{5B53FB29-FDC2-4FC4-85A7-58814DBC16B4}.Debug|Win32.ActiveCfg = Debug|Win32
		{5B53FB29-FDC2-4FC4-85A7-58814DBC16B4}.Debug|Win32.Build.0 = Debug|Win32
		{5B53FB29-FDC2-4FC4-85A7-58814DBC16B4}.Release|Win32.ActiveCfg = Release|Win32
		{5B53FB29-FDC2-4FC4-85A7-58814DBC16B4}.Release|Win32.Build.0 = Release|Win32
	EndGlobalSection
	GlobalSection(SolutionProperties) = preSolution
		HideSolutionNode = FALSE
	EndGlobalSection
EndGlobal
